{
  "name": "Mavi-Linking",
  "version": "1.0.0",
  "lockfileVersion": 3,
  "requires": true,
  "packages": {
    "": {
      "name": "Mavi-Linking",
      "version": "1.0.0",
      "private": true,
      "workspaces": [
        "client",
        "server"
      ]
    },
    "client": {
      "name": "client",
      "version": "0.0.0",
      "private": true,
      "type": "module"
    },
    "server": {
      "name": "mavi-linking-server",
      "version": "1.0.0"
    }
  }
}
